
Microsoft Visual Studio Solution File, Format Version 12.00
# Visual Studio Version 17
VisualStudioVersion = 17.10.35027.167
MinimumVisualStudioVersion = 10.0.40219.1
Project("{FAE04EC0-301F-11D3-BF4B-00C04F79EFBC}") = "pryDeganiSp4.2", "pryDeganiSp4.2\pryDeganiSp4.2.csproj", "{20724BB1-CA4C-44C8-B3AE-9A998AE28D94}"
EndProject
Global
	GlobalSection(SolutionConfigurationPlatforms) = preSolution
		Debug|Any CPU = Debug|Any CPU
		Release|Any CPU = Release|Any CPU
	EndGlobalSection
	GlobalSection(ProjectConfigurationPlatforms) = postSolution
		{20724BB1-CA4C-44C8-B3AE-9A998AE28D94}.Debug|Any CPU.ActiveCfg = Debug|Any CPU
		{20724BB1-CA4C-44C8-B3AE-9A998AE28D94}.Debug|Any CPU.Build.0 = Debug|Any CPU
		{20724BB1-CA4C-44C8-B3AE-9A998AE28D94}.Release|Any CPU.ActiveCfg = Release|Any CPU
		{20724BB1-CA4C-44C8-B3AE-9A998AE28D94}.Release|Any CPU.Build.0 = Release|Any CPU
	EndGlobalSection
	GlobalSection(SolutionProperties) = preSolution
		HideSolutionNode = FALSE
	EndGlobalSection
	GlobalSection(ExtensibilityGlobals) = postSolution
		SolutionGuid = {B73A6939-DC38-4214-B240-5DA988908AD4}
	EndGlobalSection
EndGlobal
